// !$*UTF8*$!
{
	archiveVersion = 1;
	classes = {
	};
	objectVersion = 77;
	objects = {

/* Begin PBXBuildFile section */
		2F9D25DC47DED6B521706271 /* ContentView.swift in Sources */ = {isa = PBXBuildFile; fileRef = 780404244A7FB128C8B8832C /* ContentView.swift */; };
		CD7292107D366BC30F01F270 /* ContentViewTests.swift in Sources */ = {isa = PBXBuildFile; fileRef = 6AC50AA13C0CEF320BCC9268 /* ContentViewTests.swift */; };
		EB87D2EA20BABE1099D019AB /* iconnoteApp.swift in Sources */ = {isa = PBXBuildFile; fileRef = 30737B550730337365C8E034 /* iconnoteApp.swift */; };
/* End PBXBuildFile section */

/* Begin PBXContainerItemProxy section */
		B55B60712E07B2E678A9AD76 /* PBXContainerItemProxy */ = {
			isa = PBXContainerItemProxy;
			containerPortal = AF30288A68646DA89FC6AE9E /* Project object */;
			proxyType = 1;
			remoteGlobalIDString = 1780384959A1B3923E5D27A6;
			remoteInfo = iconnote;
		};
/* End PBXContainerItemProxy section */

/* Begin PBXFileReference section */
		0643EDA4138742CB02C9492C /* Info.plist */ = {isa = PBXFileReference; lastKnownFileType = text.plist; path = Info.plist; sourceTree = "<group>"; };
		30737B550730337365C8E034 /* iconnoteApp.swift */ = {isa = PBXFileReference; lastKnownFileType = sourcecode.swift; path = iconnoteApp.swift; sourceTree = "<group>"; };
		586C13C40FC9061AF395072B /* iconnote.app */ = {isa = PBXFileReference; explicitFileType = wrapper.application; includeInIndex = 0; path = iconnote.app; sourceTree = BUILT_PRODUCTS_DIR; };
		6AC50AA13C0CEF320BCC9268 /* ContentViewTests.swift */ = {isa = PBXFileReference; lastKnownFileType = sourcecode.swift; path = ContentViewTests.swift; sourceTree = "<group>"; };
		780404244A7FB128C8B8832C /* ContentView.swift */ = {isa = PBXFileReference; lastKnownFileType = sourcecode.swift; path = ContentView.swift; sourceTree = "<group>"; };
		DB9D9D3F63CD88381709832E /* iconnoteTests.xctest */ = {isa = PBXFileReference; explicitFileType = wrapper.cfbundle; includeInIndex = 0; path = iconnoteTests.xctest; sourceTree = BUILT_PRODUCTS_DIR; };
/* End PBXFileReference section */

/* Begin PBXGroup section */
		2DB6C64F41F9397F9EEAA388 /* iconnoteTests */ = {
			isa = PBXGroup;
			children = (
				6AC50AA13C0CEF320BCC9268 /* ContentViewTests.swift */,
			);
			path = iconnoteTests;
			sourceTree = "<group>";
		};
		570DC4F54FDF846D3DC51863 /* iconnote */ = {
			isa = PBXGroup;
			children = (
				780404244A7FB128C8B8832C /* ContentView.swift */,
				30737B550730337365C8E034 /* iconnoteApp.swift */,
				0643EDA4138742CB02C9492C /* Info.plist */,
			);
			path = iconnote;
			sourceTree = "<group>";
		};
		7E0ECF1F2DC6AF804D61BD59 /* Products */ = {
			isa = PBXGroup;
			children = (
				586C13C40FC9061AF395072B /* iconnote.app */,
				DB9D9D3F63CD88381709832E /* iconnoteTests.xctest */,
			);
			name = Products;
			sourceTree = "<group>";
		};
		EB6C4D232F56C3FA983A6E07 = {
			isa = PBXGroup;
			children = (
				570DC4F54FDF846D3DC51863 /* iconnote */,
				2DB6C64F41F9397F9EEAA388 /* iconnoteTests */,
				7E0ECF1F2DC6AF804D61BD59 /* Products */,
			);
			sourceTree = "<group>";
		};
/* End PBXGroup section */

/* Begin PBXNativeTarget section */
		1780384959A1B3923E5D27A6 /* iconnote */ = {
			isa = PBXNativeTarget;
			buildConfigurationList = F48124AA11C82B1DF25891C4 /* Build configuration list for PBXNativeTarget "iconnote" */;
			buildPhases = (
				DE53474195410A62C2111DD8 /* Sources */,
			);
			buildRules = (
			);
			dependencies = (
			);
			name = iconnote;
			packageProductDependencies = (
			);
			productName = iconnote;
			productReference = 586C13C40FC9061AF395072B /* iconnote.app */;
			productType = "com.apple.product-type.application";
		};
		4F40AB73ED9664D4745A2205 /* iconnoteTests */ = {
			isa = PBXNativeTarget;
			buildConfigurationList = 5D55939E47642CB842CC7FDE /* Build configuration list for PBXNativeTarget "iconnoteTests" */;
			buildPhases = (
				CD5ABD4D127BACA425ACCE35 /* Sources */,
			);
			buildRules = (
			);
			dependencies = (
				465718D215305117BCBE562D /* PBXTargetDependency */,
			);
			name = iconnoteTests;
			packageProductDependencies = (
			);
			productName = iconnoteTests;
			productReference = DB9D9D3F63CD88381709832E /* iconnoteTests.xctest */;
			productType = "com.apple.product-type.bundle.unit-test";
		};
/* End PBXNativeTarget section */

/* Begin PBXProject section */
		AF30288A68646DA89FC6AE9E /* Project object */ = {
			isa = PBXProject;
			attributes = {
				BuildIndependentTargetsInParallel = YES;
				LastUpgradeCheck = 1430;
				TargetAttributes = {
				};
			};
			buildConfigurationList = 92852D61176FEE8FEC1D5B8D /* Build configuration list for PBXProject "iconnote" */;
			developmentRegion = en;
			hasScannedForEncodings = 0;
			knownRegions = (
				Base,
				en,
			);
			mainGroup = EB6C4D232F56C3FA983A6E07;
			minimizedProjectReferenceProxies = 1;
			preferredProjectObjectVersion = 77;
			productRefGroup = 7E0ECF1F2DC6AF804D61BD59 /* Products */;
			projectDirPath = "";
			projectRoot = "";
			targets = (
				1780384959A1B3923E5D27A6 /* iconnote */,
				4F40AB73ED9664D4745A2205 /* iconnoteTests */,
			);
		};
/* End PBXProject section */

/* Begin PBXSourcesBuildPhase section */
		CD5ABD4D127BACA425ACCE35 /* Sources */ = {
			isa = PBXSourcesBuildPhase;
			buildActionMask = 2147483647;
			files = (
				CD7292107D366BC30F01F270 /* ContentViewTests.swift in Sources */,
			);
			runOnlyForDeploymentPostprocessing = 0;
		};
		DE53474195410A62C2111DD8 /* Sources */ = {
			isa = PBXSourcesBuildPhase;
			buildActionMask = 2147483647;
			files = (
				2F9D25DC47DED6B521706271 /* ContentView.swift in Sources */,
				EB87D2EA20BABE1099D019AB /* iconnoteApp.swift in Sources */,
			);
			runOnlyForDeploymentPostprocessing = 0;
		};
/* End PBXSourcesBuildPhase section */

/* Begin PBXTargetDependency section */
		465718D215305117BCBE562D /* PBXTargetDependency */ = {
			isa = PBXTargetDependency;
			target = 1780384959A1B3923E5D27A6 /* iconnote */;
			targetProxy = B55B60712E07B2E678A9AD76 /* PBXContainerItemProxy */;
		};
/* End PBXTargetDependency section */

/* Begin XCBuildConfiguration section */
		0A78276D5E2FAA689F514459 /* Debug */ = {
			isa = XCBuildConfiguration;
			buildSettings = {
				BUNDLE_LOADER = "$(TEST_HOST)";
				COMBINE_HIDPI_IMAGES = YES;
				GENERATE_INFOPLIST_FILE = YES;
				LD_RUNPATH_SEARCH_PATHS = (
					"$(inherited)",
					"@executable_path/../Frameworks",
					"@loader_path/../Frameworks",
				);
				MACOSX_DEPLOYMENT_TARGET = 13.0;
				PRODUCT_BUNDLE_IDENTIFIER = com.iconnote.iconnoteTests;
				SDKROOT = macosx;
				SWIFT_VERSION = 5.9;
				TEST_HOST = "$(BUILT_PRODUCTS_DIR)/iconnote.app/Contents/MacOS/iconnote";
			};
			name = Debug;
		};
		73AA7AF852AAA29255B5FDC2 /* Release */ = {
			isa = XCBuildConfiguration;
			buildSettings = {
				BUNDLE_LOADER = "$(TEST_HOST)";
				COMBINE_HIDPI_IMAGES = YES;
				GENERATE_INFOPLIST_FILE = YES;
				LD_RUNPATH_SEARCH_PATHS = (
					"$(inherited)",
					"@executable_path/../Frameworks",
					"@loader_path/../Frameworks",
				);
				MACOSX_DEPLOYMENT_TARGET = 13.0;
				PRODUCT_BUNDLE_IDENTIFIER = com.iconnote.iconnoteTests;
				SDKROOT = macosx;
				SWIFT_VERSION = 5.9;
				TEST_HOST = "$(BUILT_PRODUCTS_DIR)/iconnote.app/Contents/MacOS/iconnote";
			};
			name = Release;
		};
		7685DA1797A0348DB4862227 /* Release */ = {
			isa = XCBuildConfiguration;
			buildSettings = {
				ASSETCATALOG_COMPILER_APPICON_NAME = AppIcon;
				COMBINE_HIDPI_IMAGES = YES;
				INFOPLIST_FILE = iconnote/Info.plist;
				LD_RUNPATH_SEARCH_PATHS = (
					"$(inherited)",
					"@executable_path/../Frameworks",
				);
				MACOSX_DEPLOYMENT_TARGET = 13.0;
				PRODUCT_BUNDLE_IDENTIFIER = com.iconnote.iconnote;
				SDKROOT = macosx;
				SWIFT_VERSION = 5.9;
			};
			name = Release;
		};
		80D597B57F69DAE226D0EB49 /* Release */ = {
			isa = XCBuildConfiguration;
			buildSettings = {
				ALWAYS_SEARCH_USER_PATHS = NO;
				CLANG_ANALYZER_NONNULL = YES;
				CLANG_ANALYZER_NUMBER_OBJECT_CONVERSION = YES_AGGRESSIVE;
				CLANG_CXX_LANGUAGE_STANDARD = "gnu++14";
				CLANG_CXX_LIBRARY = "libc++";
				CLANG_ENABLE_MODULES = YES;
				CLANG_ENABLE_OBJC_ARC = YES;
				CLANG_ENABLE_OBJC_WEAK = YES;
				CLANG_WARN_BLOCK_CAPTURE_AUTORELEASING = YES;
				CLANG_WARN_BOOL_CONVERSION = YES;
				CLANG_WARN_COMMA = YES;
				CLANG_WARN_CONSTANT_CONVERSION = YES;
				CLANG_WARN_DEPRECATED_OBJC_IMPLEMENTATIONS = YES;
				CLANG_WARN_DIRECT_OBJC_ISA_USAGE = YES_ERROR;
				CLANG_WARN_DOCUMENTATION_COMMENTS = YES;
				CLANG_WARN_EMPTY_BODY = YES;
				CLANG_WARN_ENUM_CONVERSION = YES;
				CLANG_WARN_INFINITE_RECURSION = YES;
				CLANG_WARN_INT_CONVERSION = YES;
				CLANG_WARN_NON_LITERAL_NULL_CONVERSION = YES;
				CLANG_WARN_OBJC_IMPLICIT_RETAIN_SELF = YES;
				CLANG_WARN_OBJC_LITERAL_CONVERSION = YES;
				CLANG_WARN_OBJC_ROOT_CLASS = YES_ERROR;
				CLANG_WARN_QUOTED_INCLUDE_IN_FRAMEWORK_HEADER = YES;
				CLANG_WARN_RANGE_LOOP_ANALYSIS = YES;
				CLANG_WARN_STRICT_PROTOTYPES = YES;
				CLANG_WARN_SUSPICIOUS_MOVE = YES;
				CLANG_WARN_UNGUARDED_AVAILABILITY = YES_AGGRESSIVE;
				CLANG_WARN_UNREACHABLE_CODE = YES;
				CLANG_WARN__DUPLICATE_METHOD_MATCH = YES;
				COPY_PHASE_STRIP = NO;
				DEBUG_INFORMATION_FORMAT = "dwarf-with-dsym";
				ENABLE_NS_ASSERTIONS = NO;
				ENABLE_STRICT_OBJC_MSGSEND = YES;
				GCC_C_LANGUAGE_STANDARD = gnu11;
				GCC_NO_COMMON_BLOCKS = YES;
				GCC_WARN_64_TO_32_BIT_CONVERSION = YES;
				GCC_WARN_ABOUT_RETURN_TYPE = YES_ERROR;
				GCC_WARN_UNDECLARED_SELECTOR = YES;
				GCC_WARN_UNINITIALIZED_AUTOS = YES_AGGRESSIVE;
				GCC_WARN_UNUSED_FUNCTION = YES;
				GCC_WARN_UNUSED_VARIABLE = YES;
				MACOSX_DEPLOYMENT_TARGET = 13.0;
				MTL_ENABLE_DEBUG_INFO = NO;
				MTL_FAST_MATH = YES;
				PRODUCT_NAME = "$(TARGET_NAME)";
				SDKROOT = macosx;
				SWIFT_COMPILATION_MODE = wholemodule;
				SWIFT_OPTIMIZATION_LEVEL = "-O";
				SWIFT_VERSION = 5.0;
			};
			name = Release;
		};
		8AD13C1A652F797D414CC1EC /* Debug */ = {
			isa = XCBuildConfiguration;
			buildSettings = {
				ALWAYS_SEARCH_USER_PATHS = NO;
				CLANG_ANALYZER_NONNULL = YES;
				CLANG_ANALYZER_NUMBER_OBJECT_CONVERSION = YES_AGGRESSIVE;
				CLANG_CXX_LANGUAGE_STANDARD = "gnu++14";
				CLANG_CXX_LIBRARY = "libc++";
				CLANG_ENABLE_MODULES = YES;
				CLANG_ENABLE_OBJC_ARC = YES;
				CLANG_ENABLE_OBJC_WEAK = YES;
				CLANG_WARN_BLOCK_CAPTURE_AUTORELEASING = YES;
				CLANG_WARN_BOOL_CONVERSION = YES;
				CLANG_WARN_COMMA = YES;
				CLANG_WARN_CONSTANT_CONVERSION = YES;
				CLANG_WARN_DEPRECATED_OBJC_IMPLEMENTATIONS = YES;
				CLANG_WARN_DIRECT_OBJC_ISA_USAGE = YES_ERROR;
				CLANG_WARN_DOCUMENTATION_COMMENTS = YES;
				CLANG_WARN_EMPTY_BODY = YES;
				CLANG_WARN_ENUM_CONVERSION = YES;
				CLANG_WARN_INFINITE_RECURSION = YES;
				CLANG_WARN_INT_CONVERSION = YES;
				CLANG_WARN_NON_LITERAL_NULL_CONVERSION = YES;
				CLANG_WARN_OBJC_IMPLICIT_RETAIN_SELF = YES;
				CLANG_WARN_OBJC_LITERAL_CONVERSION = YES;
				CLANG_WARN_OBJC_ROOT_CLASS = YES_ERROR;
				CLANG_WARN_QUOTED_INCLUDE_IN_FRAMEWORK_HEADER = YES;
				CLANG_WARN_RANGE_LOOP_ANALYSIS = YES;
				CLANG_WARN_STRICT_PROTOTYPES = YES;
				CLANG_WARN_SUSPICIOUS_MOVE = YES;
				CLANG_WARN_UNGUARDED_AVAILABILITY = YES_AGGRESSIVE;
				CLANG_WARN_UNREACHABLE_CODE = YES;
				CLANG_WARN__DUPLICATE_METHOD_MATCH = YES;
				COPY_PHASE_STRIP = NO;
				DEBUG_INFORMATION_FORMAT = dwarf;
				ENABLE_STRICT_OBJC_MSGSEND = YES;
				ENABLE_TESTABILITY = YES;
				GCC_C_LANGUAGE_STANDARD = gnu11;
				GCC_DYNAMIC_NO_PIC = NO;
				GCC_NO_COMMON_BLOCKS = YES;
				GCC_OPTIMIZATION_LEVEL = 0;
				GCC_PREPROCESSOR_DEFINITIONS = (
					"$(inherited)",
					"DEBUG=1",
				);
				GCC_WARN_64_TO_32_BIT_CONVERSION = YES;
				GCC_WARN_ABOUT_RETURN_TYPE = YES_ERROR;
				GCC_WARN_UNDECLARED_SELECTOR = YES;
				GCC_WARN_UNINITIALIZED_AUTOS = YES_AGGRESSIVE;
				GCC_WARN_UNUSED_FUNCTION = YES;
				GCC_WARN_UNUSED_VARIABLE = YES;
				MACOSX_DEPLOYMENT_TARGET = 13.0;
				MTL_ENABLE_DEBUG_INFO = INCLUDE_SOURCE;
				MTL_FAST_MATH = YES;
				ONLY_ACTIVE_ARCH = YES;
				PRODUCT_NAME = "$(TARGET_NAME)";
				SDKROOT = macosx;
				SWIFT_ACTIVE_COMPILATION_CONDITIONS = DEBUG;
				SWIFT_OPTIMIZATION_LEVEL = "-Onone";
				SWIFT_VERSION = 5.0;
			};
			name = Debug;
		};
		C745257AB80D842CB2943506 /* Debug */ = {
			isa = XCBuildConfiguration;
			buildSettings = {
				ASSETCATALOG_COMPILER_APPICON_NAME = AppIcon;
				COMBINE_HIDPI_IMAGES = YES;
				INFOPLIST_FILE = iconnote/Info.plist;
				LD_RUNPATH_SEARCH_PATHS = (
					"$(inherited)",
					"@executable_path/../Frameworks",
				);
				MACOSX_DEPLOYMENT_TARGET = 13.0;
				PRODUCT_BUNDLE_IDENTIFIER = com.iconnote.iconnote;
				SDKROOT = macosx;
				SWIFT_VERSION = 5.9;
			};
			name = Debug;
		};
/* End XCBuildConfiguration section */

/* Begin XCConfigurationList section */
		5D55939E47642CB842CC7FDE /* Build configuration list for PBXNativeTarget "iconnoteTests" */ = {
			isa = XCConfigurationList;
			buildConfigurations = (
				0A78276D5E2FAA689F514459 /* Debug */,
				73AA7AF852AAA29255B5FDC2 /* Release */,
			);
			defaultConfigurationIsVisible = 0;
			defaultConfigurationName = Debug;
		};
		92852D61176FEE8FEC1D5B8D /* Build configuration list for PBXProject "iconnote" */ = {
			isa = XCConfigurationList;
			buildConfigurations = (
				8AD13C1A652F797D414CC1EC /* Debug */,
				80D597B57F69DAE226D0EB49 /* Release */,
			);
			defaultConfigurationIsVisible = 0;
			defaultConfigurationName = Debug;
		};
		F48124AA11C82B1DF25891C4 /* Build configuration list for PBXNativeTarget "iconnote" */ = {
			isa = XCConfigurationList;
			buildConfigurations = (
				C745257AB80D842CB2943506 /* Debug */,
				7685DA1797A0348DB4862227 /* Release */,
			);
			defaultConfigurationIsVisible = 0;
			defaultConfigurationName = Debug;
		};
/* End XCConfigurationList section */
	};
	rootObject = AF30288A68646DA89FC6AE9E /* Project object */;
}
