// !$*UTF8*$!
{
	archiveVersion = 1;
	classes = {
	};
	objectVersion = 77;
	objects = {

/* Begin PBXBuildFile section */
		2F9D25DC47DED6B521706271 /* ContentView.swift in Sources */ = {isa = PBXBuildFile; fileRef = 780404244A7FB128C8B8832C /* ContentView.swift */; };
		607AB9E9B09A08DE6699A0EE /* AppDelegate.swift in Sources */ = {isa = PBXBuildFile; fileRef = 298705A3AF3D74930CA98037 /* AppDelegate.swift */; };
		AA11BB22CC33DD44EE55FF61 /* RichTextEditor.swift in Sources */ = {isa = PBXBuildFile; fileRef = AA11BB22CC33DD44EE55FF60 /* RichTextEditor.swift */; };
		AA11BB22CC33DD44EE55FF63 /* FormatToolbar.swift in Sources */ = {isa = PBXBuildFile; fileRef = AA11BB22CC33DD44EE55FF62 /* FormatToolbar.swift */; };
		BB22CC33DD44EE55FF6601 /* HelpView.swift in Sources */ = {isa = PBXBuildFile; fileRef = BB22CC33DD44EE55FF6600 /* HelpView.swift */; };
		BC2D4B383C026ECAC4DECDA7 /* Assets.xcassets in Resources */ = {isa = PBXBuildFile; fileRef = 2249A75DF7B9F3F30E634C3E /* Assets.xcassets */; };
		CD7292107D366BC30F01F270 /* ContentViewTests.swift in Sources */ = {isa = PBXBuildFile; fileRef = 6AC50AA13C0CEF320BCC9268 /* ContentViewTests.swift */; };
		E0336207505EDF4BAFF6A9E7 /* AppDelegateTests.swift in Sources */ = {isa = PBXBuildFile; fileRef = 6B8485C0EF513263C9DC41C8 /* AppDelegateTests.swift */; };
		EB87D2EA20BABE1099D019AB /* iconnoteApp.swift in Sources */ = {isa = PBXBuildFile; fileRef = 30737B550730337365C8E034 /* iconnoteApp.swift */; };
/* End PBXBuildFile section */

/* Begin PBXContainerItemProxy section */
		B55B60712E07B2E678A9AD76 /* PBXContainerItemProxy */ = {
			isa = PBXContainerItemProxy;
			containerPortal = AF30288A68646DA89FC6AE9E /* Project object */;
			proxyType = 1;
			remoteGlobalIDString = 1780384959A1B3923E5D27A6;
			remoteInfo = iconnote;
		};
/* End PBXContainerItemProxy section */

/* Begin PBXFileReference section */
		0643EDA4138742CB02C9492C /* Info.plist */ = {isa = PBXFileReference; lastKnownFileType = text.plist; path = Info.plist; sourceTree = "<group>"; };
		2249A75DF7B9F3F30E634C3E /* Assets.xcassets */ = {isa = PBXFileReference; lastKnownFileType = folder.assetcatalog; path = Assets.xcassets; sourceTree = "<group>"; };
		298705A3AF3D74930CA98037 /* AppDelegate.swift */ = {isa = PBXFileReference; lastKnownFileType = sourcecode.swift; path = AppDelegate.swift; sourceTree = "<group>"; };
		30737B550730337365C8E034 /* iconnoteApp.swift */ = {isa = PBXFileReference; lastKnownFileType = sourcecode.swift; path = iconnoteApp.swift; sourceTree = "<group>"; };
		586C13C40FC9061AF395072B /* jot.app */ = {isa = PBXFileReference; explicitFileType = wrapper.application; includeInIndex = 0; path = jot.app; sourceTree = BUILT_PRODUCTS_DIR; };
		6AC50AA13C0CEF320BCC9268 /* ContentViewTests.swift */ = {isa = PBXFileReference; lastKnownFileType = sourcecode.swift; path = ContentViewTests.swift; sourceTree = "<group>"; };
		6B8485C0EF513263C9DC41C8 /* AppDelegateTests.swift */ = {isa = PBXFileReference; lastKnownFileType = sourcecode.swift; path = AppDelegateTests.swift; sourceTree = "<group>"; };
		780404244A7FB128C8B8832C /* ContentView.swift */ = {isa = PBXFileReference; lastKnownFileType = sourcecode.swift; path = ContentView.swift; sourceTree = "<group>"; };
		AA11BB22CC33DD44EE55FF60 /* RichTextEditor.swift */ = {isa = PBXFileReference; lastKnownFileType = sourcecode.swift; path = RichTextEditor.swift; sourceTree = "<group>"; };
		AA11BB22CC33DD44EE55FF62 /* FormatToolbar.swift */ = {isa = PBXFileReference; lastKnownFileType = sourcecode.swift; path = FormatToolbar.swift; sourceTree = "<group>"; };
		BB22CC33DD44EE55FF6600 /* HelpView.swift */ = {isa = PBXFileReference; lastKnownFileType = sourcecode.swift; path = HelpView.swift; sourceTree = "<group>"; };
		DB9D9D3F63CD88381709832E /* jotTests.xctest */ = {isa = PBXFileReference; explicitFileType = wrapper.cfbundle; includeInIndex = 0; path = jotTests.xctest; sourceTree = BUILT_PRODUCTS_DIR; };
/* End PBXFileReference section */

/* Begin PBXGroup section */
		2DB6C64F41F9397F9EEAA388 /* jotTests */ = {
			isa = PBXGroup;
			children = (
				6B8485C0EF513263C9DC41C8 /* AppDelegateTests.swift */,
				6AC50AA13C0CEF320BCC9268 /* ContentViewTests.swift */,
			);
			path = jotTests;
			sourceTree = "<group>";
		};
		570DC4F54FDF846D3DC51863 /* jot */ = {
			isa = PBXGroup;
			children = (
				298705A3AF3D74930CA98037 /* AppDelegate.swift */,
				2249A75DF7B9F3F30E634C3E /* Assets.xcassets */,
				780404244A7FB128C8B8832C /* ContentView.swift */,
				AA11BB22CC33DD44EE55FF62 /* FormatToolbar.swift */,
				BB22CC33DD44EE55FF6600 /* HelpView.swift */,
				30737B550730337365C8E034 /* iconnoteApp.swift */,
				0643EDA4138742CB02C9492C /* Info.plist */,
				AA11BB22CC33DD44EE55FF60 /* RichTextEditor.swift */,
			);
			path = jot;
			sourceTree = "<group>";
		};
		7E0ECF1F2DC6AF804D61BD59 /* Products */ = {
			isa = PBXGroup;
			children = (
				586C13C40FC9061AF395072B /* jot.app */,
				DB9D9D3F63CD88381709832E /* jotTests.xctest */,
			);
			name = Products;
			sourceTree = "<group>";
		};
		EB6C4D232F56C3FA983A6E07 = {
			isa = PBXGroup;
			children = (
				570DC4F54FDF846D3DC51863 /* jot */,
				2DB6C64F41F9397F9EEAA388 /* jotTests */,
				7E0ECF1F2DC6AF804D61BD59 /* Products */,
			);
			sourceTree = "<group>";
		};
/* End PBXGroup section */

/* Begin PBXNativeTarget section */
		1780384959A1B3923E5D27A6 /* jot */ = {
			isa = PBXNativeTarget;
			buildConfigurationList = F48124AA11C82B1DF25891C4 /* Build configuration list for PBXNativeTarget "jot" */;
			buildPhases = (
				DE53474195410A62C2111DD8 /* Sources */,
				F933656D9F46E88B38892C5D /* Resources */,
			);
			buildRules = (
			);
			dependencies = (
			);
			name = jot;
			packageProductDependencies = (
			);
			productName = iconnote;
			productReference = 586C13C40FC9061AF395072B /* jot.app */;
			productType = "com.apple.product-type.application";
		};
		4F40AB73ED9664D4745A2205 /* jotTests */ = {
			isa = PBXNativeTarget;
			buildConfigurationList = 5D55939E47642CB842CC7FDE /* Build configuration list for PBXNativeTarget "jotTests" */;
			buildPhases = (
				CD5ABD4D127BACA425ACCE35 /* Sources */,
			);
			buildRules = (
			);
			dependencies = (
				465718D215305117BCBE562D /* PBXTargetDependency */,
			);
			name = jotTests;
			packageProductDependencies = (
			);
			productName = iconnoteTests;
			productReference = DB9D9D3F63CD88381709832E /* jotTests.xctest */;
			productType = "com.apple.product-type.bundle.unit-test";
		};
/* End PBXNativeTarget section */

/* Begin PBXProject section */
		AF30288A68646DA89FC6AE9E /* Project object */ = {
			isa = PBXProject;
			attributes = {
				BuildIndependentTargetsInParallel = YES;
				LastUpgradeCheck = 2650;
			};
			buildConfigurationList = 92852D61176FEE8FEC1D5B8D /* Build configuration list for PBXProject "jot" */;
			developmentRegion = en;
			hasScannedForEncodings = 0;
			knownRegions = (
				Base,
				en,
			);
			mainGroup = EB6C4D232F56C3FA983A6E07;
			minimizedProjectReferenceProxies = 1;
			preferredProjectObjectVersion = 77;
			productRefGroup = 7E0ECF1F2DC6AF804D61BD59 /* Products */;
			projectDirPath = "";
			projectRoot = "";
			targets = (
				1780384959A1B3923E5D27A6 /* jot */,
				4F40AB73ED9664D4745A2205 /* jotTests */,
			);
		};
/* End PBXProject section */

/* Begin PBXResourcesBuildPhase section */
		F933656D9F46E88B38892C5D /* Resources */ = {
			isa = PBXResourcesBuildPhase;
			buildActionMask = 2147483647;
			files = (
				BC2D4B383C026ECAC4DECDA7 /* Assets.xcassets in Resources */,
			);
			runOnlyForDeploymentPostprocessing = 0;
		};
/* End PBXResourcesBuildPhase section */

/* Begin PBXSourcesBuildPhase section */
		CD5ABD4D127BACA425ACCE35 /* Sources */ = {
			isa = PBXSourcesBuildPhase;
			buildActionMask = 2147483647;
			files = (
				E0336207505EDF4BAFF6A9E7 /* AppDelegateTests.swift in Sources */,
				CD7292107D366BC30F01F270 /* ContentViewTests.swift in Sources */,
			);
			runOnlyForDeploymentPostprocessing = 0;
		};
		DE53474195410A62C2111DD8 /* Sources */ = {
			isa = PBXSourcesBuildPhase;
			buildActionMask = 2147483647;
			files = (
				607AB9E9B09A08DE6699A0EE /* AppDelegate.swift in Sources */,
				2F9D25DC47DED6B521706271 /* ContentView.swift in Sources */,
				AA11BB22CC33DD44EE55FF63 /* FormatToolbar.swift in Sources */,
				BB22CC33DD44EE55FF6601 /* HelpView.swift in Sources */,
				EB87D2EA20BABE1099D019AB /* iconnoteApp.swift in Sources */,
				AA11BB22CC33DD44EE55FF61 /* RichTextEditor.swift in Sources */,
			);
			runOnlyForDeploymentPostprocessing = 0;
		};
/* End PBXSourcesBuildPhase section */

/* Begin PBXTargetDependency section */
		465718D215305117BCBE562D /* PBXTargetDependency */ = {
			isa = PBXTargetDependency;
			target = 1780384959A1B3923E5D27A6 /* jot */;
			targetProxy = B55B60712E07B2E678A9AD76 /* PBXContainerItemProxy */;
		};
/* End PBXTargetDependency section */

/* Begin XCBuildConfiguration section */
		0A78276D5E2FAA689F514459 /* Debug */ = {
			isa = XCBuildConfiguration;
			buildSettings = {
				BUNDLE_LOADER = "$(TEST_HOST)";
				COMBINE_HIDPI_IMAGES = YES;
				DEAD_CODE_STRIPPING = YES;
				GENERATE_INFOPLIST_FILE = YES;
				LD_RUNPATH_SEARCH_PATHS = (
					"$(inherited)",
					"@executable_path/../Frameworks",
					"@loader_path/../Frameworks",
				);
				MACOSX_DEPLOYMENT_TARGET = 13.0;
				PRODUCT_BUNDLE_IDENTIFIER = com.skromesch.jot.tests;
				PRODUCT_NAME = jotTests;
				SDKROOT = macosx;
				SWIFT_VERSION = 5.9;
				TEST_HOST = "$(BUILT_PRODUCTS_DIR)/jot.app/Contents/MacOS/jot";
			};
			name = Debug;
		};
		73AA7AF852AAA29255B5FDC2 /* Release */ = {
			isa = XCBuildConfiguration;
			buildSettings = {
				BUNDLE_LOADER = "$(TEST_HOST)";
				COMBINE_HIDPI_IMAGES = YES;
				DEAD_CODE_STRIPPING = YES;
				GENERATE_INFOPLIST_FILE = YES;
				LD_RUNPATH_SEARCH_PATHS = (
					"$(inherited)",
					"@executable_path/../Frameworks",
					"@loader_path/../Frameworks",
				);
				MACOSX_DEPLOYMENT_TARGET = 13.0;
				PRODUCT_BUNDLE_IDENTIFIER = com.skromesch.jot.tests;
				PRODUCT_NAME = jotTests;
				SDKROOT = macosx;
				SWIFT_VERSION = 5.9;
				TEST_HOST = "$(BUILT_PRODUCTS_DIR)/jot.app/Contents/MacOS/jot";
			};
			name = Release;
		};
		7685DA1797A0348DB4862227 /* Release */ = {
			isa = XCBuildConfiguration;
			buildSettings = {
				ASSETCATALOG_COMPILER_APPICON_NAME = AppIcon;
				AUTOMATION_APPLE_EVENTS = NO;
				CODE_SIGN_IDENTITY = "Apple Development";
				CODE_SIGN_STYLE = Automatic;
				COMBINE_HIDPI_IMAGES = YES;
				DEAD_CODE_STRIPPING = YES;
				DEVELOPMENT_TEAM = K879EP5FAS;
				ENABLE_HARDENED_RUNTIME = YES;
				ENABLE_RESOURCE_ACCESS_AUDIO_INPUT = NO;
				ENABLE_RESOURCE_ACCESS_CALENDARS = NO;
				ENABLE_RESOURCE_ACCESS_CAMERA = NO;
				ENABLE_RESOURCE_ACCESS_CONTACTS = NO;
				ENABLE_RESOURCE_ACCESS_LOCATION = NO;
				ENABLE_RESOURCE_ACCESS_PHOTO_LIBRARY = NO;
				INFOPLIST_FILE = jot/Info.plist;
				LD_RUNPATH_SEARCH_PATHS = (
					"$(inherited)",
					"@executable_path/../Frameworks",
				);
				MACOSX_DEPLOYMENT_TARGET = 13.0;
				PRODUCT_BUNDLE_IDENTIFIER = com.skromesch.jot;
				PRODUCT_NAME = jot;
				PROVISIONING_PROFILE_SPECIFIER = "";
				RUNTIME_EXCEPTION_ALLOW_DYLD_ENVIRONMENT_VARIABLES = NO;
				RUNTIME_EXCEPTION_ALLOW_JIT = NO;
				RUNTIME_EXCEPTION_ALLOW_UNSIGNED_EXECUTABLE_MEMORY = NO;
				RUNTIME_EXCEPTION_DEBUGGING_TOOL = NO;
				RUNTIME_EXCEPTION_DISABLE_EXECUTABLE_PAGE_PROTECTION = NO;
				RUNTIME_EXCEPTION_DISABLE_LIBRARY_VALIDATION = NO;
				SDKROOT = macosx;
				SWIFT_VERSION = 5.9;
			};
			name = Release;
		};
		80D597B57F69DAE226D0EB49 /* Release */ = {
			isa = XCBuildConfiguration;
			buildSettings = {
				ALWAYS_SEARCH_USER_PATHS = NO;
				CLANG_ANALYZER_NONNULL = YES;
				CLANG_ANALYZER_NUMBER_OBJECT_CONVERSION = YES_AGGRESSIVE;
				CLANG_CXX_LANGUAGE_STANDARD = "gnu++14";
				CLANG_CXX_LIBRARY = "libc++";
				CLANG_ENABLE_MODULES = YES;
				CLANG_ENABLE_OBJC_ARC = YES;
				CLANG_ENABLE_OBJC_WEAK = YES;
				CLANG_WARN_BLOCK_CAPTURE_AUTORELEASING = YES;
				CLANG_WARN_BOOL_CONVERSION = YES;
				CLANG_WARN_COMMA = YES;
				CLANG_WARN_CONSTANT_CONVERSION = YES;
				CLANG_WARN_DEPRECATED_OBJC_IMPLEMENTATIONS = YES;
				CLANG_WARN_DIRECT_OBJC_ISA_USAGE = YES_ERROR;
				CLANG_WARN_DOCUMENTATION_COMMENTS = YES;
				CLANG_WARN_EMPTY_BODY = YES;
				CLANG_WARN_ENUM_CONVERSION = YES;
				CLANG_WARN_INFINITE_RECURSION = YES;
				CLANG_WARN_INT_CONVERSION = YES;
				CLANG_WARN_NON_LITERAL_NULL_CONVERSION = YES;
				CLANG_WARN_OBJC_IMPLICIT_RETAIN_SELF = YES;
				CLANG_WARN_OBJC_LITERAL_CONVERSION = YES;
				CLANG_WARN_OBJC_ROOT_CLASS = YES_ERROR;
				CLANG_WARN_QUOTED_INCLUDE_IN_FRAMEWORK_HEADER = YES;
				CLANG_WARN_RANGE_LOOP_ANALYSIS = YES;
				CLANG_WARN_STRICT_PROTOTYPES = YES;
				CLANG_WARN_SUSPICIOUS_MOVE = YES;
				CLANG_WARN_UNGUARDED_AVAILABILITY = YES_AGGRESSIVE;
				CLANG_WARN_UNREACHABLE_CODE = YES;
				CLANG_WARN__DUPLICATE_METHOD_MATCH = YES;
				COPY_PHASE_STRIP = NO;
				DEAD_CODE_STRIPPING = YES;
				DEBUG_INFORMATION_FORMAT = "dwarf-with-dsym";
				ENABLE_NS_ASSERTIONS = NO;
				ENABLE_STRICT_OBJC_MSGSEND = YES;
				ENABLE_USER_SCRIPT_SANDBOXING = YES;
				GCC_C_LANGUAGE_STANDARD = gnu11;
				GCC_NO_COMMON_BLOCKS = YES;
				GCC_WARN_64_TO_32_BIT_CONVERSION = YES;
				GCC_WARN_ABOUT_RETURN_TYPE = YES_ERROR;
				GCC_WARN_UNDECLARED_SELECTOR = YES;
				GCC_WARN_UNINITIALIZED_AUTOS = YES_AGGRESSIVE;
				GCC_WARN_UNUSED_FUNCTION = YES;
				GCC_WARN_UNUSED_VARIABLE = YES;
				MACOSX_DEPLOYMENT_TARGET = 13.0;
				MTL_ENABLE_DEBUG_INFO = NO;
				MTL_FAST_MATH = YES;
				PRODUCT_NAME = "$(TARGET_NAME)";
				SDKROOT = macosx;
				STRING_CATALOG_GENERATE_SYMBOLS = YES;
				SWIFT_COMPILATION_MODE = wholemodule;
				SWIFT_OPTIMIZATION_LEVEL = "-O";
				SWIFT_VERSION = 5.0;
			};
			name = Release;
		};
		8AD13C1A652F797D414CC1EC /* Debug */ = {
			isa = XCBuildConfiguration;
			buildSettings = {
				ALWAYS_SEARCH_USER_PATHS = NO;
				CLANG_ANALYZER_NONNULL = YES;
				CLANG_ANALYZER_NUMBER_OBJECT_CONVERSION = YES_AGGRESSIVE;
				CLANG_CXX_LANGUAGE_STANDARD = "gnu++14";
				CLANG_CXX_LIBRARY = "libc++";
				CLANG_ENABLE_MODULES = YES;
				CLANG_ENABLE_OBJC_ARC = YES;
				CLANG_ENABLE_OBJC_WEAK = YES;
				CLANG_WARN_BLOCK_CAPTURE_AUTORELEASING = YES;
				CLANG_WARN_BOOL_CONVERSION = YES;
				CLANG_WARN_COMMA = YES;
				CLANG_WARN_CONSTANT_CONVERSION = YES;
				CLANG_WARN_DEPRECATED_OBJC_IMPLEMENTATIONS = YES;
				CLANG_WARN_DIRECT_OBJC_ISA_USAGE = YES_ERROR;
				CLANG_WARN_DOCUMENTATION_COMMENTS = YES;
				CLANG_WARN_EMPTY_BODY = YES;
				CLANG_WARN_ENUM_CONVERSION = YES;
				CLANG_WARN_INFINITE_RECURSION = YES;
				CLANG_WARN_INT_CONVERSION = YES;
				CLANG_WARN_NON_LITERAL_NULL_CONVERSION = YES;
				CLANG_WARN_OBJC_IMPLICIT_RETAIN_SELF = YES;
				CLANG_WARN_OBJC_LITERAL_CONVERSION = YES;
				CLANG_WARN_OBJC_ROOT_CLASS = YES_ERROR;
				CLANG_WARN_QUOTED_INCLUDE_IN_FRAMEWORK_HEADER = YES;
				CLANG_WARN_RANGE_LOOP_ANALYSIS = YES;
				CLANG_WARN_STRICT_PROTOTYPES = YES;
				CLANG_WARN_SUSPICIOUS_MOVE = YES;
				CLANG_WARN_UNGUARDED_AVAILABILITY = YES_AGGRESSIVE;
				CLANG_WARN_UNREACHABLE_CODE = YES;
				CLANG_WARN__DUPLICATE_METHOD_MATCH = YES;
				COPY_PHASE_STRIP = NO;
				DEAD_CODE_STRIPPING = YES;
				DEBUG_INFORMATION_FORMAT = dwarf;
				ENABLE_STRICT_OBJC_MSGSEND = YES;
				ENABLE_TESTABILITY = YES;
				ENABLE_USER_SCRIPT_SANDBOXING = YES;
				GCC_C_LANGUAGE_STANDARD = gnu11;
				GCC_DYNAMIC_NO_PIC = NO;
				GCC_NO_COMMON_BLOCKS = YES;
				GCC_OPTIMIZATION_LEVEL = 0;
				GCC_PREPROCESSOR_DEFINITIONS = (
					"$(inherited)",
					"DEBUG=1",
				);
				GCC_WARN_64_TO_32_BIT_CONVERSION = YES;
				GCC_WARN_ABOUT_RETURN_TYPE = YES_ERROR;
				GCC_WARN_UNDECLARED_SELECTOR = YES;
				GCC_WARN_UNINITIALIZED_AUTOS = YES_AGGRESSIVE;
				GCC_WARN_UNUSED_FUNCTION = YES;
				GCC_WARN_UNUSED_VARIABLE = YES;
				MACOSX_DEPLOYMENT_TARGET = 13.0;
				MTL_ENABLE_DEBUG_INFO = INCLUDE_SOURCE;
				MTL_FAST_MATH = YES;
				ONLY_ACTIVE_ARCH = YES;
				PRODUCT_NAME = "$(TARGET_NAME)";
				SDKROOT = macosx;
				STRING_CATALOG_GENERATE_SYMBOLS = YES;
				SWIFT_ACTIVE_COMPILATION_CONDITIONS = DEBUG;
				SWIFT_OPTIMIZATION_LEVEL = "-Onone";
				SWIFT_VERSION = 5.0;
			};
			name = Debug;
		};
		C745257AB80D842CB2943506 /* Debug */ = {
			isa = XCBuildConfiguration;
			buildSettings = {
				ASSETCATALOG_COMPILER_APPICON_NAME = AppIcon;
				AUTOMATION_APPLE_EVENTS = NO;
				CODE_SIGN_IDENTITY = "Apple Development";
				CODE_SIGN_STYLE = Automatic;
				COMBINE_HIDPI_IMAGES = YES;
				DEAD_CODE_STRIPPING = YES;
				DEVELOPMENT_TEAM = K879EP5FAS;
				ENABLE_HARDENED_RUNTIME = YES;
				ENABLE_RESOURCE_ACCESS_AUDIO_INPUT = NO;
				ENABLE_RESOURCE_ACCESS_CALENDARS = NO;
				ENABLE_RESOURCE_ACCESS_CAMERA = NO;
				ENABLE_RESOURCE_ACCESS_CONTACTS = NO;
				ENABLE_RESOURCE_ACCESS_LOCATION = NO;
				ENABLE_RESOURCE_ACCESS_PHOTO_LIBRARY = NO;
				INFOPLIST_FILE = jot/Info.plist;
				LD_RUNPATH_SEARCH_PATHS = (
					"$(inherited)",
					"@executable_path/../Frameworks",
				);
				MACOSX_DEPLOYMENT_TARGET = 13.0;
				PRODUCT_BUNDLE_IDENTIFIER = com.skromesch.jot;
				PRODUCT_NAME = jot;
				PROVISIONING_PROFILE_SPECIFIER = "";
				RUNTIME_EXCEPTION_ALLOW_DYLD_ENVIRONMENT_VARIABLES = NO;
				RUNTIME_EXCEPTION_ALLOW_JIT = NO;
				RUNTIME_EXCEPTION_ALLOW_UNSIGNED_EXECUTABLE_MEMORY = NO;
				RUNTIME_EXCEPTION_DEBUGGING_TOOL = NO;
				RUNTIME_EXCEPTION_DISABLE_EXECUTABLE_PAGE_PROTECTION = NO;
				RUNTIME_EXCEPTION_DISABLE_LIBRARY_VALIDATION = NO;
				SDKROOT = macosx;
				SWIFT_VERSION = 5.9;
			};
			name = Debug;
		};
/* End XCBuildConfiguration section */

/* Begin XCConfigurationList section */
		5D55939E47642CB842CC7FDE /* Build configuration list for PBXNativeTarget "jotTests" */ = {
			isa = XCConfigurationList;
			buildConfigurations = (
				0A78276D5E2FAA689F514459 /* Debug */,
				73AA7AF852AAA29255B5FDC2 /* Release */,
			);
			defaultConfigurationIsVisible = 0;
			defaultConfigurationName = Debug;
		};
		92852D61176FEE8FEC1D5B8D /* Build configuration list for PBXProject "jot" */ = {
			isa = XCConfigurationList;
			buildConfigurations = (
				8AD13C1A652F797D414CC1EC /* Debug */,
				80D597B57F69DAE226D0EB49 /* Release */,
			);
			defaultConfigurationIsVisible = 0;
			defaultConfigurationName = Debug;
		};
		F48124AA11C82B1DF25891C4 /* Build configuration list for PBXNativeTarget "jot" */ = {
			isa = XCConfigurationList;
			buildConfigurations = (
				C745257AB80D842CB2943506 /* Debug */,
				7685DA1797A0348DB4862227 /* Release */,
			);
			defaultConfigurationIsVisible = 0;
			defaultConfigurationName = Debug;
		};
/* End XCConfigurationList section */
	};
	rootObject = AF30288A68646DA89FC6AE9E /* Project object */;
}
